PODS:
  - Alamofire (4.8.1)
  - Bolts (1.9.0):
    - Bolts/AppLinks (= 1.9.0)
    - Bolts/Tasks (= 1.9.0)
  - Bolts/AppLinks (1.9.0):
    - Bolts/Tasks
  - Bolts/Tasks (1.9.0)
  - BoringSSL-GRPC (0.0.2):
    - BoringSSL-GRPC/Implementation (= 0.0.2)
    - BoringSSL-GRPC/Interface (= 0.0.2)
  - BoringSSL-GRPC/Implementation (0.0.2):
    - BoringSSL-GRPC/Interface (= 0.0.2)
  - BoringSSL-GRPC/Interface (0.0.2)
  - DynamicBlurView (3.0.1)
  - FBSDKCoreKit (4.42.0):
    - Bolts (~> 1.9)
  - FBSDKLoginKit (4.42.0):
    - FBSDKCoreKit
  - Firebase/Auth (5.19.0):
    - Firebase/CoreOnly
    - FirebaseAuth (= 5.4.1)
  - Firebase/CoreOnly (5.19.0):
    - FirebaseCore (= 5.4.0)
  - Firebase/Database (5.19.0):
    - Firebase/CoreOnly
    - FirebaseDatabase (= 5.1.1)
  - Firebase/Firestore (5.19.0):
    - Firebase/CoreOnly
    - FirebaseFirestore (= 1.1.0)
  - Firebase/Storage (5.19.0):
    - Firebase/CoreOnly
    - FirebaseStorage (= 3.1.1)
  - FirebaseAuth (5.4.1):
    - FirebaseAuthInterop (~> 1.0)
    - FirebaseCore (~> 5.2)
    - GoogleUtilities/Environment (~> 5.2)
    - GTMSessionFetcher/Core (~> 1.1)
  - FirebaseAuthInterop (1.0.0)
  - FirebaseCore (5.4.0):
    - GoogleUtilities/Environment (~> 5.2)
    - GoogleUtilities/Logger (~> 5.2)
  - FirebaseDatabase (5.1.1):
    - FirebaseAuthInterop (~> 1.0)
    - FirebaseCore (~> 5.2)
    - leveldb-library (~> 1.18)
  - FirebaseFirestore (1.1.0):
    - FirebaseAuthInterop (~> 1.0)
    - FirebaseCore (~> 5.2)
    - FirebaseFirestore/abseil-cpp (= 1.1.0)
    - "gRPC-C++ (= 0.0.6)"
    - leveldb-library (~> 1.20)
    - nanopb (~> 0.3.901)
    - Protobuf (~> 3.1)
  - FirebaseFirestore/abseil-cpp (1.1.0):
    - FirebaseAuthInterop (~> 1.0)
    - FirebaseCore (~> 5.2)
    - "gRPC-C++ (= 0.0.6)"
    - leveldb-library (~> 1.20)
    - nanopb (~> 0.3.901)
    - Protobuf (~> 3.1)
  - FirebaseStorage (3.1.1):
    - FirebaseAuthInterop (~> 1.0)
    - FirebaseCore (~> 5.2)
    - GTMSessionFetcher/Core (~> 1.1)
  - FirebaseUI (6.2.1):
    - FirebaseUI/Anonymous (= 6.2.1)
    - FirebaseUI/Auth (= 6.2.1)
    - FirebaseUI/Database (= 6.2.1)
    - FirebaseUI/Email (= 6.2.1)
    - FirebaseUI/Facebook (= 6.2.1)
    - FirebaseUI/Firestore (= 6.2.1)
    - FirebaseUI/Google (= 6.2.1)
    - FirebaseUI/OAuth (= 6.2.1)
    - FirebaseUI/Phone (= 6.2.1)
    - FirebaseUI/Storage (= 6.2.1)
    - FirebaseUI/Twitter (= 6.2.1)
  - FirebaseUI/Anonymous (6.2.1):
    - FirebaseUI/Auth
  - FirebaseUI/Auth (6.2.1):
    - Firebase/Auth (~> 5.0)
    - GoogleUtilities/UserDefaults
  - FirebaseUI/Database (6.2.1):
    - Firebase/Database (~> 5.0)
  - FirebaseUI/Email (6.2.1):
    - FirebaseUI/Auth
  - FirebaseUI/Facebook (6.2.1):
    - FBSDKLoginKit (~> 4.35)
    - FirebaseUI/Auth
  - FirebaseUI/Firestore (6.2.1):
    - Firebase/Firestore
  - FirebaseUI/Google (6.2.1):
    - FirebaseUI/Auth
    - GoogleSignIn (~> 4.0)
  - FirebaseUI/OAuth (6.2.1):
    - FirebaseUI/Auth
  - FirebaseUI/Phone (6.2.1):
    - FirebaseUI/Auth
  - FirebaseUI/Storage (6.2.1):
    - Firebase/Storage (~> 5.0)
    - SDWebImage (~> 4.0)
  - FirebaseUI/Twitter (6.2.1):
    - FirebaseUI/Auth
    - TwitterKit (~> 3.0)
  - GoogleSignIn (4.4.0):
    - "GoogleToolboxForMac/NSDictionary+URLArguments (~> 2.1)"
    - "GoogleToolboxForMac/NSString+URLArguments (~> 2.1)"
    - GTMSessionFetcher/Core (~> 1.1)
  - GoogleToolboxForMac/DebugUtils (2.2.0):
    - GoogleToolboxForMac/Defines (= 2.2.0)
  - GoogleToolboxForMac/Defines (2.2.0)
  - "GoogleToolboxForMac/NSDictionary+URLArguments (2.2.0)":
    - GoogleToolboxForMac/DebugUtils (= 2.2.0)
    - GoogleToolboxForMac/Defines (= 2.2.0)
    - "GoogleToolboxForMac/NSString+URLArguments (= 2.2.0)"
  - "GoogleToolboxForMac/NSString+URLArguments (2.2.0)"
  - GoogleUtilities/Environment (5.5.0)
  - GoogleUtilities/Logger (5.5.0):
    - GoogleUtilities/Environment
  - GoogleUtilities/UserDefaults (5.5.0):
    - GoogleUtilities/Logger
  - "gRPC-C++ (0.0.6)":
    - "gRPC-C++/Implementation (= 0.0.6)"
    - "gRPC-C++/Interface (= 0.0.6)"
  - "gRPC-C++/Implementation (0.0.6)":
    - "gRPC-C++/Interface (= 0.0.6)"
    - gRPC-Core (= 1.17.0)
    - nanopb (~> 0.3)
  - "gRPC-C++/Interface (0.0.6)"
  - gRPC-Core (1.17.0):
    - gRPC-Core/Implementation (= 1.17.0)
    - gRPC-Core/Interface (= 1.17.0)
  - gRPC-Core/Implementation (1.17.0):
    - BoringSSL-GRPC (= 0.0.2)
    - gRPC-Core/Interface (= 1.17.0)
    - nanopb (~> 0.3)
  - gRPC-Core/Interface (1.17.0)
  - GTMSessionFetcher/Core (1.2.1)
  - ijkplayer (1.1.2)
  - Kingfisher (5.3.0)
  - leveldb-library (1.20)
  - lottie-ios (3.0.3)
  - MBProgressHUD (1.1.0)
  - Mixpanel-swift (2.6.0):
    - Mixpanel-swift/Complete (= 2.6.0)
  - Mixpanel-swift/Complete (2.6.0)
  - nanopb (0.3.901):
    - nanopb/decode (= 0.3.901)
    - nanopb/encode (= 0.3.901)
  - nanopb/decode (0.3.901)
  - nanopb/encode (0.3.901)
  - ObjectMapper (3.4.2)
  - PINCache (2.3)
  - PINOperation (1.1.1)
  - PopupDialog (0.9.2):
    - DynamicBlurView (~> 3.0.1)
  - Protobuf (3.7.0)
  - SDWebImage (4.4.6):
    - SDWebImage/Core (= 4.4.6)
  - SDWebImage/Core (4.4.6)
  - SnapSDK (1.2.2):
    - SnapSDK/SCSDKBitmojiKit (= 1.2.2)
    - SnapSDK/SCSDKCreativeKit (= 1.2.2)
    - SnapSDK/SCSDKLoginKit (= 1.2.2)
  - SnapSDK/SCSDKBitmojiKit (1.2.2):
    - PINCache (< 3.1, >= 2.3)
    - PINOperation (~> 1.1)
  - SnapSDK/SCSDKCreativeKit (1.2.2)
  - SnapSDK/SCSDKLoginKit (1.2.2)
  - SwiftyAttributes (5.0.0)
  - SwiftyJSON (4.2.0)
  - TheQKit (0.1.1):
    - Alamofire
    - ijkplayer (= 1.1.2)
    - Kingfisher
    - lottie-ios
    - Mixpanel-swift
    - ObjectMapper
    - PopupDialog
    - SnapSDK
    - SwiftyAttributes
    - SwiftyJSON
    - Toast-Swift
    - UIColor_Hex_Swift
  - Toast-Swift (4.0.1)
  - TwitterCore (3.2.0)
  - TwitterKit (3.4.2):
    - TwitterCore (>= 3.2.0)
  - UIColor_Hex_Swift (4.2.0)

DEPENDENCIES:
  - FirebaseUI
  - MBProgressHUD
  - TheQKit (from `../`)

SPEC REPOS:
  https://github.com/cocoapods/specs.git:
    - Alamofire
    - Bolts
    - BoringSSL-GRPC
    - DynamicBlurView
    - FBSDKCoreKit
    - FBSDKLoginKit
    - Firebase
    - FirebaseAuth
    - FirebaseAuthInterop
    - FirebaseCore
    - FirebaseDatabase
    - FirebaseFirestore
    - FirebaseStorage
    - FirebaseUI
    - GoogleSignIn
    - GoogleToolboxForMac
    - GoogleUtilities
    - "gRPC-C++"
    - gRPC-Core
    - GTMSessionFetcher
    - ijkplayer
    - Kingfisher
    - leveldb-library
    - lottie-ios
    - MBProgressHUD
    - Mixpanel-swift
    - nanopb
    - ObjectMapper
    - PINCache
    - PINOperation
    - PopupDialog
    - Protobuf
    - SDWebImage
    - SnapSDK
    - SwiftyAttributes
    - SwiftyJSON
    - Toast-Swift
    - TwitterCore
    - TwitterKit
    - UIColor_Hex_Swift

EXTERNAL SOURCES:
  TheQKit:
    :path: "../"

SPEC CHECKSUMS:
  Alamofire: 16ce2c353fb72865124ddae8a57c5942388f4f11
  Bolts: ac6567323eac61e203f6a9763667d0f711be34c8
  BoringSSL-GRPC: 2a230d9cd93e7ce39916044f645cebb31f37dde6
  DynamicBlurView: b1df5415f9bd31897549e5d7077e5ec120a4d636
  FBSDKCoreKit: aa42f1c384775f8b075f53a43080474278e9701d
  FBSDKLoginKit: 373830c68aa48c9e8f0bfed93a3e32d2ca8963a0
  Firebase: c60d49e9c2630875a96207d15e2affb8364996d1
  FirebaseAuth: cbb892a66baed025efc179372598941252acf853
  FirebaseAuthInterop: 0ffa57668be100582bb7643d4fcb7615496c41fc
  FirebaseCore: 22a79a961c3951ef2f77b67bfbc99e454247b319
  FirebaseDatabase: 2c15b0ea6f2c6eb5e57413f9d6340f1e50b81ae3
  FirebaseFirestore: 1531eefe02da66be6860966ac4e2cdac635706e2
  FirebaseStorage: 6162ef4322502b818d9de0ec552f5226d283de43
  FirebaseUI: c9e227a7d44e2e422a461cb3f4ead8dc5c7326e6
  GoogleSignIn: 7ff245e1a7b26d379099d3243a562f5747e23d39
  GoogleToolboxForMac: ff31605b7d66400dcec09bed5861689aebadda4d
  GoogleUtilities: 6481e6318c5fcabaaa8513ef8120f329055d7c10
  "gRPC-C++": e76441995900ac90e9bd98644ab4733f12521edf
  gRPC-Core: 4028031ed2c5267cca0d846c876d8046b1ecb9b6
  GTMSessionFetcher: 32aeca0aa144acea523e1c8e053089dec2cb98ca
  ijkplayer: da342ca5262c25ed7166c5b73a94c1548496000e
  Kingfisher: 4692c783ffb99e9e2e40a6eb3e518c3b96c6fa8c
  leveldb-library: 08cba283675b7ed2d99629a4bc5fd052cd2bb6a5
  lottie-ios: 06e0b54aab85ba128e332687d7f4ac4861a7a7ae
  MBProgressHUD: e7baa36a220447d8aeb12769bf0585582f3866d9
  Mixpanel-swift: dd5e3353d59274ec230f942d8646f1cfc49aaa5c
  nanopb: 2901f78ea1b7b4015c860c2fdd1ea2fee1a18d48
  ObjectMapper: 0d4402610f4e468903ae64629eec4784531e5c51
  PINCache: ce36ed282031b92fc7733ffe831f474ff80fddc2
  PINOperation: a6219e6fc9db9c269eb7a7b871ac193bcf400aac
  PopupDialog: f4bb461bf70ff422be0b56656566424ee9273080
  Protobuf: 7a877b7f3e5964e3fce995e2eb323dbc6831bb5a
  SDWebImage: 3f3f0c02f09798048c47a5ed0a13f17b063572d8
  SnapSDK: 16d505e0e5a9340c49ce767f3131f4af76fe29e8
  SwiftyAttributes: a6e7bbac1e9a9f5c0b42e4055563ca091dda03ad
  SwiftyJSON: c4bcba26dd9ec7a027fc8eade48e2c911f229e96
  TheQKit: 7cc6bd0d5851cd5252304158f2d59969ef0e2f27
  Toast-Swift: e42a638589a2f95036b4bb7626cfbdde7daf0393
  TwitterCore: 8cbc9ad34d91c63a0035ea05bfbfc0d7ca72a28c
  TwitterKit: 5e4f41d70b9abdb41df5467f52d7aa2c0fd26ebb
  UIColor_Hex_Swift: bc07fc197421ee896b9ed6dcfa2054b7fbf75145

PODFILE CHECKSUM: a81f0122e505a8840d82b415464b03cf8536f231

COCOAPODS: 1.6.0
